
Microsoft Visual Studio Solution File, Format Version 11.00
# Visual C++ Express 2010
Project("{8BC9CEB8-8B4A-11D0-8D11-00A0C91BC942}") = "复习", "复习\复习.vcxproj", "{F05B97CE-35F7-4874-97F7-80865CB74DEA}"
EndProject
Global
	GlobalSection(SolutionConfigurationPlatforms) = preSolution
		Debug|Win32 = Debug|Win32
		Release|Win32 = Release|Win32
	EndGlobalSection
	GlobalSection(ProjectConfigurationPlatforms) = postSolution
		{F05B97CE-35F7-4874-97F7-80865CB74DEA}.Debug|Win32.ActiveCfg = Debug|Win32
		{F05B97CE-35F7-4874-97F7-80865CB74DEA}.Debug|Win32.Build.0 = Debug|Win32
		{F05B97CE-35F7-4874-97F7-80865CB74DEA}.Release|Win32.ActiveCfg = Release|Win32
		{F05B97CE-35F7-4874-97F7-80865CB74DEA}.Release|Win32.Build.0 = Release|Win32
	EndGlobalSection
	GlobalSection(SolutionProperties) = preSolution
		HideSolutionNode = FALSE
	EndGlobalSection
EndGlobal
