
Microsoft Visual Studio Solution File, Format Version 11.00
# Visual C++ Express 2010
Project("{8BC9CEB8-8B4A-11D0-8D11-00A0C91BC942}") = "3-4", "3-4\3-4.vcxproj", "{AAE1ECAA-92F4-4592-B454-73ED9C4E2A82}"
EndProject
Global
	GlobalSection(SolutionConfigurationPlatforms) = preSolution
		Debug|Win32 = Debug|Win32
		Release|Win32 = Release|Win32
	EndGlobalSection
	GlobalSection(ProjectConfigurationPlatforms) = postSolution
		{AAE1ECAA-92F4-4592-B454-73ED9C4E2A82}.Debug|Win32.ActiveCfg = Debug|Win32
		{AAE1ECAA-92F4-4592-B454-73ED9C4E2A82}.Debug|Win32.Build.0 = Debug|Win32
		{AAE1ECAA-92F4-4592-B454-73ED9C4E2A82}.Release|Win32.ActiveCfg = Release|Win32
		{AAE1ECAA-92F4-4592-B454-73ED9C4E2A82}.Release|Win32.Build.0 = Release|Win32
	EndGlobalSection
	GlobalSection(SolutionProperties) = preSolution
		HideSolutionNode = FALSE
	EndGlobalSection
EndGlobal
