
Microsoft Visual Studio Solution File, Format Version 11.00
# Visual C++ Express 2010
Project("{8BC9CEB8-8B4A-11D0-8D11-00A0C91BC942}") = "5-1", "5-1\5-1.vcxproj", "{39F5CE29-566A-499F-8B00-74E6FEE82E83}"
EndProject
Global
	GlobalSection(SolutionConfigurationPlatforms) = preSolution
		Debug|Win32 = Debug|Win32
		Release|Win32 = Release|Win32
	EndGlobalSection
	GlobalSection(ProjectConfigurationPlatforms) = postSolution
		{39F5CE29-566A-499F-8B00-74E6FEE82E83}.Debug|Win32.ActiveCfg = Debug|Win32
		{39F5CE29-566A-499F-8B00-74E6FEE82E83}.Debug|Win32.Build.0 = Debug|Win32
		{39F5CE29-566A-499F-8B00-74E6FEE82E83}.Release|Win32.ActiveCfg = Release|Win32
		{39F5CE29-566A-499F-8B00-74E6FEE82E83}.Release|Win32.Build.0 = Release|Win32
	EndGlobalSection
	GlobalSection(SolutionProperties) = preSolution
		HideSolutionNode = FALSE
	EndGlobalSection
EndGlobal
